
Microsoft Visual Studio Solution File, Format Version 12.00
# Visual Studio Version 16
VisualStudioVersion = 16.0.31515.178
MinimumVisualStudioVersion = 10.0.40219.1
Project("{8BC9CEB8-8B4A-11D0-8D11-00A0C91BC942}") = "CubeTowerJUmp", "CubeTowerJUmp\CubeTowerJUmp.vcxproj", "{D19C71C1-8C23-4EC6-92D3-E8E65C25AD31}"
EndProject
Global
	GlobalSection(SolutionConfigurationPlatforms) = preSolution
		Debug|x64 = Debug|x64
		Debug|x86 = Debug|x86
		Release|x64 = Release|x64
		Release|x86 = Release|x86
	EndGlobalSection
	GlobalSection(ProjectConfigurationPlatforms) = postSolution
		{D19C71C1-8C23-4EC6-92D3-E8E65C25AD31}.Debug|x64.ActiveCfg = Debug|x64
		{D19C71C1-8C23-4EC6-92D3-E8E65C25AD31}.Debug|x64.Build.0 = Debug|x64
		{D19C71C1-8C23-4EC6-92D3-E8E65C25AD31}.Debug|x86.ActiveCfg = Debug|Win32
		{D19C71C1-8C23-4EC6-92D3-E8E65C25AD31}.Debug|x86.Build.0 = Debug|Win32
		{D19C71C1-8C23-4EC6-92D3-E8E65C25AD31}.Release|x64.ActiveCfg = Release|x64
		{D19C71C1-8C23-4EC6-92D3-E8E65C25AD31}.Release|x64.Build.0 = Release|x64
		{D19C71C1-8C23-4EC6-92D3-E8E65C25AD31}.Release|x86.ActiveCfg = Release|Win32
		{D19C71C1-8C23-4EC6-92D3-E8E65C25AD31}.Release|x86.Build.0 = Release|Win32
	EndGlobalSection
	GlobalSection(SolutionProperties) = preSolution
		HideSolutionNode = FALSE
	EndGlobalSection
	GlobalSection(ExtensibilityGlobals) = postSolution
		SolutionGuid = {4DFDA77B-2279-4970-A15C-DFD248C3E742}
	EndGlobalSection
EndGlobal
